
Microsoft Visual Studio Solution File, Format Version 12.00
# Visual Studio Version 17
VisualStudioVersion = 17.2.32516.85
MinimumVisualStudioVersion = 10.0.40219.1
Project("{8BC9CEB8-8B4A-11D0-8D11-00A0C91BC942}") = "SWICD_Driver", "Driver\SWICD_Driver.vcxproj", "{12419A19-DB25-4610-831B-C02F333531B1}"
EndProject
Project("{8BC9CEB8-8B4A-11D0-8D11-00A0C91BC942}") = "ViGEmClient", "Libraries\ViGEmBus\sdk\src\ViGEmClient.vcxproj", "{7DB06674-1F4F-464B-8E1C-172E9587F9DC}"
EndProject
Project("{8BC9CEB8-8B4A-11D0-8D11-00A0C91BC942}") = "hidapi", "Libraries\hidapi\windows\hidapi.vcxproj", "{A107C21C-418A-4697-BB10-20C3AA60E2E4}"
EndProject
Project("{2150E333-8FDC-42A3-9474-1A3956D46DE8}") = "Libraries", "Libraries", "{ED036DFA-49CF-4C10-887D-7FAAEDB58B60}"
EndProject
Project("{2150E333-8FDC-42A3-9474-1A3956D46DE8}") = "Setup", "Setup", "{C9A14551-14D0-4CB9-A90B-D4DD67896FEB}"
EndProject
Project("{FAE04EC0-301F-11D3-BF4B-00C04F79EFBC}") = "SWICD_Configurator", "Configurator\SWICD_Configurator\SWICD_Configurator.csproj", "{ACAD487F-4AC8-46B2-928F-19B68095F420}"
EndProject
Project("{54435603-DBB4-11D2-8724-00A0C9A8B90C}") = "SWICD_Driver_Setup", "Setup\SWICD_Driver_Setup\SWICD_Driver_Setup.vdproj", "{1E0DD107-1ECE-432B-A792-0B07C53A0C77}"
EndProject
Project("{2150E333-8FDC-42A3-9474-1A3956D46DE8}") = "Service", "Service", "{788FE4F9-D703-41C3-88B4-25CCDE7A8AA8}"
EndProject
Project("{FAE04EC0-301F-11D3-BF4B-00C04F79EFBC}") = "SWICD_Driver_Service", "Service\SWICD_Driver_Service\SWICD_Driver_Service.csproj", "{A756356B-2CF2-4BB2-AF68-EA86D851EE97}"
EndProject
Project("{FAE04EC0-301F-11D3-BF4B-00C04F79EFBC}") = "SWICD_Lib", "Libraries\SWICD_Lib\SWICD_Lib.csproj", "{B25ADA70-5A22-43BF-ABEC-106D473B4C66}"
EndProject
Global
	GlobalSection(SolutionConfigurationPlatforms) = preSolution
		Debug_DLL|Any CPU = Debug_DLL|Any CPU
		Debug_DLL|x64 = Debug_DLL|x64
		Debug_DLL|x86 = Debug_DLL|x86
		Debug_LIB|Any CPU = Debug_LIB|Any CPU
		Debug_LIB|x64 = Debug_LIB|x64
		Debug_LIB|x86 = Debug_LIB|x86
		Debug|Any CPU = Debug|Any CPU
		Debug|x64 = Debug|x64
		Debug|x86 = Debug|x86
		Release_DLL|Any CPU = Release_DLL|Any CPU
		Release_DLL|x64 = Release_DLL|x64
		Release_DLL|x86 = Release_DLL|x86
		Release_LIB|Any CPU = Release_LIB|Any CPU
		Release_LIB|x64 = Release_LIB|x64
		Release_LIB|x86 = Release_LIB|x86
		Release|Any CPU = Release|Any CPU
		Release|x64 = Release|x64
		Release|x86 = Release|x86
	EndGlobalSection
	GlobalSection(ProjectConfigurationPlatforms) = postSolution
		{12419A19-DB25-4610-831B-C02F333531B1}.Debug_DLL|Any CPU.ActiveCfg = Debug|x64
		{12419A19-DB25-4610-831B-C02F333531B1}.Debug_DLL|Any CPU.Build.0 = Debug|x64
		{12419A19-DB25-4610-831B-C02F333531B1}.Debug_DLL|x64.ActiveCfg = Debug|x64
		{12419A19-DB25-4610-831B-C02F333531B1}.Debug_DLL|x64.Build.0 = Debug|x64
		{12419A19-DB25-4610-831B-C02F333531B1}.Debug_DLL|x86.ActiveCfg = Debug|Win32
		{12419A19-DB25-4610-831B-C02F333531B1}.Debug_DLL|x86.Build.0 = Debug|Win32
		{12419A19-DB25-4610-831B-C02F333531B1}.Debug_LIB|Any CPU.ActiveCfg = Debug|x64
		{12419A19-DB25-4610-831B-C02F333531B1}.Debug_LIB|Any CPU.Build.0 = Debug|x64
		{12419A19-DB25-4610-831B-C02F333531B1}.Debug_LIB|x64.ActiveCfg = Debug|x64
		{12419A19-DB25-4610-831B-C02F333531B1}.Debug_LIB|x64.Build.0 = Debug|x64
		{12419A19-DB25-4610-831B-C02F333531B1}.Debug_LIB|x86.ActiveCfg = Debug|Win32
		{12419A19-DB25-4610-831B-C02F333531B1}.Debug_LIB|x86.Build.0 = Debug|Win32
		{12419A19-DB25-4610-831B-C02F333531B1}.Debug|Any CPU.ActiveCfg = Debug|x64
		{12419A19-DB25-4610-831B-C02F333531B1}.Debug|Any CPU.Build.0 = Debug|x64
		{12419A19-DB25-4610-831B-C02F333531B1}.Debug|x64.ActiveCfg = Debug|x64
		{12419A19-DB25-4610-831B-C02F333531B1}.Debug|x64.Build.0 = Debug|x64
		{12419A19-DB25-4610-831B-C02F333531B1}.Debug|x86.ActiveCfg = Debug|Win32
		{12419A19-DB25-4610-831B-C02F333531B1}.Debug|x86.Build.0 = Debug|Win32
		{12419A19-DB25-4610-831B-C02F333531B1}.Release_DLL|Any CPU.ActiveCfg = Release|x64
		{12419A19-DB25-4610-831B-C02F333531B1}.Release_DLL|Any CPU.Build.0 = Release|x64
		{12419A19-DB25-4610-831B-C02F333531B1}.Release_DLL|x64.ActiveCfg = Release|x64
		{12419A19-DB25-4610-831B-C02F333531B1}.Release_DLL|x64.Build.0 = Release|x64
		{12419A19-DB25-4610-831B-C02F333531B1}.Release_DLL|x86.ActiveCfg = Release|Win32
		{12419A19-DB25-4610-831B-C02F333531B1}.Release_DLL|x86.Build.0 = Release|Win32
		{12419A19-DB25-4610-831B-C02F333531B1}.Release_LIB|Any CPU.ActiveCfg = Release|x64
		{12419A19-DB25-4610-831B-C02F333531B1}.Release_LIB|Any CPU.Build.0 = Release|x64
		{12419A19-DB25-4610-831B-C02F333531B1}.Release_LIB|x64.ActiveCfg = Release|x64
		{12419A19-DB25-4610-831B-C02F333531B1}.Release_LIB|x64.Build.0 = Release|x64
		{12419A19-DB25-4610-831B-C02F333531B1}.Release_LIB|x86.ActiveCfg = Release|Win32
		{12419A19-DB25-4610-831B-C02F333531B1}.Release_LIB|x86.Build.0 = Release|Win32
		{12419A19-DB25-4610-831B-C02F333531B1}.Release|Any CPU.ActiveCfg = Release|x64
		{12419A19-DB25-4610-831B-C02F333531B1}.Release|Any CPU.Build.0 = Release|x64
		{12419A19-DB25-4610-831B-C02F333531B1}.Release|x64.ActiveCfg = Release|x64
		{12419A19-DB25-4610-831B-C02F333531B1}.Release|x64.Build.0 = Release|x64
		{12419A19-DB25-4610-831B-C02F333531B1}.Release|x86.ActiveCfg = Release|Win32
		{12419A19-DB25-4610-831B-C02F333531B1}.Release|x86.Build.0 = Release|Win32
		{7DB06674-1F4F-464B-8E1C-172E9587F9DC}.Debug_DLL|Any CPU.ActiveCfg = Debug_DLL|x64
		{7DB06674-1F4F-464B-8E1C-172E9587F9DC}.Debug_DLL|Any CPU.Build.0 = Debug_DLL|x64
		{7DB06674-1F4F-464B-8E1C-172E9587F9DC}.Debug_DLL|x64.ActiveCfg = Debug_DLL|x64
		{7DB06674-1F4F-464B-8E1C-172E9587F9DC}.Debug_DLL|x64.Build.0 = Debug_DLL|x64
		{7DB06674-1F4F-464B-8E1C-172E9587F9DC}.Debug_DLL|x86.ActiveCfg = Debug_DLL|Win32
		{7DB06674-1F4F-464B-8E1C-172E9587F9DC}.Debug_DLL|x86.Build.0 = Debug_DLL|Win32
		{7DB06674-1F4F-464B-8E1C-172E9587F9DC}.Debug_LIB|Any CPU.ActiveCfg = Debug_LIB|x64
		{7DB06674-1F4F-464B-8E1C-172E9587F9DC}.Debug_LIB|Any CPU.Build.0 = Debug_LIB|x64
		{7DB06674-1F4F-464B-8E1C-172E9587F9DC}.Debug_LIB|x64.ActiveCfg = Debug_LIB|x64
		{7DB06674-1F4F-464B-8E1C-172E9587F9DC}.Debug_LIB|x64.Build.0 = Debug_LIB|x64
		{7DB06674-1F4F-464B-8E1C-172E9587F9DC}.Debug_LIB|x86.ActiveCfg = Debug_LIB|Win32
		{7DB06674-1F4F-464B-8E1C-172E9587F9DC}.Debug_LIB|x86.Build.0 = Debug_LIB|Win32
		{7DB06674-1F4F-464B-8E1C-172E9587F9DC}.Debug|Any CPU.ActiveCfg = Debug_LIB|x64
		{7DB06674-1F4F-464B-8E1C-172E9587F9DC}.Debug|Any CPU.Build.0 = Debug_LIB|x64
		{7DB06674-1F4F-464B-8E1C-172E9587F9DC}.Debug|x64.ActiveCfg = Debug_LIB|x64
		{7DB06674-1F4F-464B-8E1C-172E9587F9DC}.Debug|x64.Build.0 = Debug_LIB|x64
		{7DB06674-1F4F-464B-8E1C-172E9587F9DC}.Debug|x86.ActiveCfg = Debug_DLL|Win32
		{7DB06674-1F4F-464B-8E1C-172E9587F9DC}.Debug|x86.Build.0 = Debug_DLL|Win32
		{7DB06674-1F4F-464B-8E1C-172E9587F9DC}.Release_DLL|Any CPU.ActiveCfg = Release_DLL|x64
		{7DB06674-1F4F-464B-8E1C-172E9587F9DC}.Release_DLL|Any CPU.Build.0 = Release_DLL|x64
		{7DB06674-1F4F-464B-8E1C-172E9587F9DC}.Release_DLL|x64.ActiveCfg = Release_DLL|x64
		{7DB06674-1F4F-464B-8E1C-172E9587F9DC}.Release_DLL|x64.Build.0 = Release_DLL|x64
		{7DB06674-1F4F-464B-8E1C-172E9587F9DC}.Release_DLL|x86.ActiveCfg = Release_DLL|Win32
		{7DB06674-1F4F-464B-8E1C-172E9587F9DC}.Release_DLL|x86.Build.0 = Release_DLL|Win32
		{7DB06674-1F4F-464B-8E1C-172E9587F9DC}.Release_LIB|Any CPU.ActiveCfg = Release_LIB|x64
		{7DB06674-1F4F-464B-8E1C-172E9587F9DC}.Release_LIB|Any CPU.Build.0 = Release_LIB|x64
		{7DB06674-1F4F-464B-8E1C-172E9587F9DC}.Release_LIB|x64.ActiveCfg = Release_LIB|x64
		{7DB06674-1F4F-464B-8E1C-172E9587F9DC}.Release_LIB|x64.Build.0 = Release_LIB|x64
		{7DB06674-1F4F-464B-8E1C-172E9587F9DC}.Release_LIB|x86.ActiveCfg = Release_LIB|Win32
		{7DB06674-1F4F-464B-8E1C-172E9587F9DC}.Release_LIB|x86.Build.0 = Release_LIB|Win32
		{7DB06674-1F4F-464B-8E1C-172E9587F9DC}.Release|Any CPU.ActiveCfg = Release_LIB|x64
		{7DB06674-1F4F-464B-8E1C-172E9587F9DC}.Release|Any CPU.Build.0 = Release_LIB|x64
		{7DB06674-1F4F-464B-8E1C-172E9587F9DC}.Release|x64.ActiveCfg = Release_DLL|x64
		{7DB06674-1F4F-464B-8E1C-172E9587F9DC}.Release|x64.Build.0 = Release_DLL|x64
		{7DB06674-1F4F-464B-8E1C-172E9587F9DC}.Release|x86.ActiveCfg = Release_LIB|Win32
		{7DB06674-1F4F-464B-8E1C-172E9587F9DC}.Release|x86.Build.0 = Release_LIB|Win32
		{A107C21C-418A-4697-BB10-20C3AA60E2E4}.Debug_DLL|Any CPU.ActiveCfg = Debug|x64
		{A107C21C-418A-4697-BB10-20C3AA60E2E4}.Debug_DLL|Any CPU.Build.0 = Debug|x64
		{A107C21C-418A-4697-BB10-20C3AA60E2E4}.Debug_DLL|x64.ActiveCfg = Debug|Win32
		{A107C21C-418A-4697-BB10-20C3AA60E2E4}.Debug_DLL|x64.Build.0 = Debug|Win32
		{A107C21C-418A-4697-BB10-20C3AA60E2E4}.Debug_DLL|x86.ActiveCfg = Debug|Win32
		{A107C21C-418A-4697-BB10-20C3AA60E2E4}.Debug_DLL|x86.Build.0 = Debug|Win32
		{A107C21C-418A-4697-BB10-20C3AA60E2E4}.Debug_LIB|Any CPU.ActiveCfg = Debug|x64
		{A107C21C-418A-4697-BB10-20C3AA60E2E4}.Debug_LIB|Any CPU.Build.0 = Debug|x64
		{A107C21C-418A-4697-BB10-20C3AA60E2E4}.Debug_LIB|x64.ActiveCfg = Debug|Win32
		{A107C21C-418A-4697-BB10-20C3AA60E2E4}.Debug_LIB|x64.Build.0 = Debug|Win32
		{A107C21C-418A-4697-BB10-20C3AA60E2E4}.Debug_LIB|x86.ActiveCfg = Debug|Win32
		{A107C21C-418A-4697-BB10-20C3AA60E2E4}.Debug_LIB|x86.Build.0 = Debug|Win32
		{A107C21C-418A-4697-BB10-20C3AA60E2E4}.Debug|Any CPU.ActiveCfg = Debug|x64
		{A107C21C-418A-4697-BB10-20C3AA60E2E4}.Debug|Any CPU.Build.0 = Debug|x64
		{A107C21C-418A-4697-BB10-20C3AA60E2E4}.Debug|x64.ActiveCfg = Debug|x64
		{A107C21C-418A-4697-BB10-20C3AA60E2E4}.Debug|x64.Build.0 = Debug|x64
		{A107C21C-418A-4697-BB10-20C3AA60E2E4}.Debug|x86.ActiveCfg = Debug|Win32
		{A107C21C-418A-4697-BB10-20C3AA60E2E4}.Debug|x86.Build.0 = Debug|Win32
		{A107C21C-418A-4697-BB10-20C3AA60E2E4}.Release_DLL|Any CPU.ActiveCfg = Release|x64
		{A107C21C-418A-4697-BB10-20C3AA60E2E4}.Release_DLL|Any CPU.Build.0 = Release|x64
		{A107C21C-418A-4697-BB10-20C3AA60E2E4}.Release_DLL|x64.ActiveCfg = Release|Win32
		{A107C21C-418A-4697-BB10-20C3AA60E2E4}.Release_DLL|x64.Build.0 = Release|Win32
		{A107C21C-418A-4697-BB10-20C3AA60E2E4}.Release_DLL|x86.ActiveCfg = Release|Win32
		{A107C21C-418A-4697-BB10-20C3AA60E2E4}.Release_DLL|x86.Build.0 = Release|Win32
		{A107C21C-418A-4697-BB10-20C3AA60E2E4}.Release_LIB|Any CPU.ActiveCfg = Release|x64
		{A107C21C-418A-4697-BB10-20C3AA60E2E4}.Release_LIB|Any CPU.Build.0 = Release|x64
		{A107C21C-418A-4697-BB10-20C3AA60E2E4}.Release_LIB|x64.ActiveCfg = Release|Win32
		{A107C21C-418A-4697-BB10-20C3AA60E2E4}.Release_LIB|x64.Build.0 = Release|Win32
		{A107C21C-418A-4697-BB10-20C3AA60E2E4}.Release_LIB|x86.ActiveCfg = Release|Win32
		{A107C21C-418A-4697-BB10-20C3AA60E2E4}.Release_LIB|x86.Build.0 = Release|Win32
		{A107C21C-418A-4697-BB10-20C3AA60E2E4}.Release|Any CPU.ActiveCfg = Release|x64
		{A107C21C-418A-4697-BB10-20C3AA60E2E4}.Release|Any CPU.Build.0 = Release|x64
		{A107C21C-418A-4697-BB10-20C3AA60E2E4}.Release|x64.ActiveCfg = Release|Win32
		{A107C21C-418A-4697-BB10-20C3AA60E2E4}.Release|x64.Build.0 = Release|Win32
		{A107C21C-418A-4697-BB10-20C3AA60E2E4}.Release|x86.ActiveCfg = Release|Win32
		{A107C21C-418A-4697-BB10-20C3AA60E2E4}.Release|x86.Build.0 = Release|Win32
		{ACAD487F-4AC8-46B2-928F-19B68095F420}.Debug_DLL|Any CPU.ActiveCfg = Debug|Any CPU
		{ACAD487F-4AC8-46B2-928F-19B68095F420}.Debug_DLL|Any CPU.Build.0 = Debug|Any CPU
		{ACAD487F-4AC8-46B2-928F-19B68095F420}.Debug_DLL|x64.ActiveCfg = Debug|Any CPU
		{ACAD487F-4AC8-46B2-928F-19B68095F420}.Debug_DLL|x64.Build.0 = Debug|Any CPU
		{ACAD487F-4AC8-46B2-928F-19B68095F420}.Debug_DLL|x86.ActiveCfg = Debug|Any CPU
		{ACAD487F-4AC8-46B2-928F-19B68095F420}.Debug_DLL|x86.Build.0 = Debug|Any CPU
		{ACAD487F-4AC8-46B2-928F-19B68095F420}.Debug_LIB|Any CPU.ActiveCfg = Debug|Any CPU
		{ACAD487F-4AC8-46B2-928F-19B68095F420}.Debug_LIB|Any CPU.Build.0 = Debug|Any CPU
		{ACAD487F-4AC8-46B2-928F-19B68095F420}.Debug_LIB|x64.ActiveCfg = Debug|Any CPU
		{ACAD487F-4AC8-46B2-928F-19B68095F420}.Debug_LIB|x64.Build.0 = Debug|Any CPU
		{ACAD487F-4AC8-46B2-928F-19B68095F420}.Debug_LIB|x86.ActiveCfg = Debug|Any CPU
		{ACAD487F-4AC8-46B2-928F-19B68095F420}.Debug_LIB|x86.Build.0 = Debug|Any CPU
		{ACAD487F-4AC8-46B2-928F-19B68095F420}.Debug|Any CPU.ActiveCfg = Debug|Any CPU
		{ACAD487F-4AC8-46B2-928F-19B68095F420}.Debug|Any CPU.Build.0 = Debug|Any CPU
		{ACAD487F-4AC8-46B2-928F-19B68095F420}.Debug|x64.ActiveCfg = Debug|Any CPU
		{ACAD487F-4AC8-46B2-928F-19B68095F420}.Debug|x64.Build.0 = Debug|Any CPU
		{ACAD487F-4AC8-46B2-928F-19B68095F420}.Debug|x86.ActiveCfg = Debug|Any CPU
		{ACAD487F-4AC8-46B2-928F-19B68095F420}.Debug|x86.Build.0 = Debug|Any CPU
		{ACAD487F-4AC8-46B2-928F-19B68095F420}.Release_DLL|Any CPU.ActiveCfg = Release|Any CPU
		{ACAD487F-4AC8-46B2-928F-19B68095F420}.Release_DLL|Any CPU.Build.0 = Release|Any CPU
		{ACAD487F-4AC8-46B2-928F-19B68095F420}.Release_DLL|x64.ActiveCfg = Release|Any CPU
		{ACAD487F-4AC8-46B2-928F-19B68095F420}.Release_DLL|x64.Build.0 = Release|Any CPU
		{ACAD487F-4AC8-46B2-928F-19B68095F420}.Release_DLL|x86.ActiveCfg = Release|Any CPU
		{ACAD487F-4AC8-46B2-928F-19B68095F420}.Release_DLL|x86.Build.0 = Release|Any CPU
		{ACAD487F-4AC8-46B2-928F-19B68095F420}.Release_LIB|Any CPU.ActiveCfg = Release|Any CPU
		{ACAD487F-4AC8-46B2-928F-19B68095F420}.Release_LIB|Any CPU.Build.0 = Release|Any CPU
		{ACAD487F-4AC8-46B2-928F-19B68095F420}.Release_LIB|x64.ActiveCfg = Release|Any CPU
		{ACAD487F-4AC8-46B2-928F-19B68095F420}.Release_LIB|x64.Build.0 = Release|Any CPU
		{ACAD487F-4AC8-46B2-928F-19B68095F420}.Release_LIB|x86.ActiveCfg = Release|Any CPU
		{ACAD487F-4AC8-46B2-928F-19B68095F420}.Release_LIB|x86.Build.0 = Release|Any CPU
		{ACAD487F-4AC8-46B2-928F-19B68095F420}.Release|Any CPU.ActiveCfg = Release|Any CPU
		{ACAD487F-4AC8-46B2-928F-19B68095F420}.Release|Any CPU.Build.0 = Release|Any CPU
		{ACAD487F-4AC8-46B2-928F-19B68095F420}.Release|x64.ActiveCfg = Release|Any CPU
		{ACAD487F-4AC8-46B2-928F-19B68095F420}.Release|x64.Build.0 = Release|Any CPU
		{ACAD487F-4AC8-46B2-928F-19B68095F420}.Release|x86.ActiveCfg = Release|Any CPU
		{ACAD487F-4AC8-46B2-928F-19B68095F420}.Release|x86.Build.0 = Release|Any CPU
		{1E0DD107-1ECE-432B-A792-0B07C53A0C77}.Debug_DLL|Any CPU.ActiveCfg = Debug
		{1E0DD107-1ECE-432B-A792-0B07C53A0C77}.Debug_DLL|x64.ActiveCfg = Debug
		{1E0DD107-1ECE-432B-A792-0B07C53A0C77}.Debug_DLL|x86.ActiveCfg = Debug
		{1E0DD107-1ECE-432B-A792-0B07C53A0C77}.Debug_LIB|Any CPU.ActiveCfg = Debug
		{1E0DD107-1ECE-432B-A792-0B07C53A0C77}.Debug_LIB|x64.ActiveCfg = Debug
		{1E0DD107-1ECE-432B-A792-0B07C53A0C77}.Debug_LIB|x86.ActiveCfg = Debug
		{1E0DD107-1ECE-432B-A792-0B07C53A0C77}.Debug|Any CPU.ActiveCfg = Debug
		{1E0DD107-1ECE-432B-A792-0B07C53A0C77}.Debug|x64.ActiveCfg = Debug
		{1E0DD107-1ECE-432B-A792-0B07C53A0C77}.Debug|x86.ActiveCfg = Debug
		{1E0DD107-1ECE-432B-A792-0B07C53A0C77}.Release_DLL|Any CPU.ActiveCfg = Release
		{1E0DD107-1ECE-432B-A792-0B07C53A0C77}.Release_DLL|x64.ActiveCfg = Release
		{1E0DD107-1ECE-432B-A792-0B07C53A0C77}.Release_DLL|x86.ActiveCfg = Release
		{1E0DD107-1ECE-432B-A792-0B07C53A0C77}.Release_LIB|Any CPU.ActiveCfg = Release
		{1E0DD107-1ECE-432B-A792-0B07C53A0C77}.Release_LIB|x64.ActiveCfg = Release
		{1E0DD107-1ECE-432B-A792-0B07C53A0C77}.Release_LIB|x86.ActiveCfg = Release
		{1E0DD107-1ECE-432B-A792-0B07C53A0C77}.Release|Any CPU.ActiveCfg = Release
		{1E0DD107-1ECE-432B-A792-0B07C53A0C77}.Release|x64.ActiveCfg = Release
		{1E0DD107-1ECE-432B-A792-0B07C53A0C77}.Release|x86.ActiveCfg = Release
		{A756356B-2CF2-4BB2-AF68-EA86D851EE97}.Debug_DLL|Any CPU.ActiveCfg = Debug|Any CPU
		{A756356B-2CF2-4BB2-AF68-EA86D851EE97}.Debug_DLL|Any CPU.Build.0 = Debug|Any CPU
		{A756356B-2CF2-4BB2-AF68-EA86D851EE97}.Debug_DLL|x64.ActiveCfg = Debug|Any CPU
		{A756356B-2CF2-4BB2-AF68-EA86D851EE97}.Debug_DLL|x64.Build.0 = Debug|Any CPU
		{A756356B-2CF2-4BB2-AF68-EA86D851EE97}.Debug_DLL|x86.ActiveCfg = Debug|Any CPU
		{A756356B-2CF2-4BB2-AF68-EA86D851EE97}.Debug_DLL|x86.Build.0 = Debug|Any CPU
		{A756356B-2CF2-4BB2-AF68-EA86D851EE97}.Debug_LIB|Any CPU.ActiveCfg = Debug|Any CPU
		{A756356B-2CF2-4BB2-AF68-EA86D851EE97}.Debug_LIB|Any CPU.Build.0 = Debug|Any CPU
		{A756356B-2CF2-4BB2-AF68-EA86D851EE97}.Debug_LIB|x64.ActiveCfg = Debug|Any CPU
		{A756356B-2CF2-4BB2-AF68-EA86D851EE97}.Debug_LIB|x64.Build.0 = Debug|Any CPU
		{A756356B-2CF2-4BB2-AF68-EA86D851EE97}.Debug_LIB|x86.ActiveCfg = Debug|Any CPU
		{A756356B-2CF2-4BB2-AF68-EA86D851EE97}.Debug_LIB|x86.Build.0 = Debug|Any CPU
		{A756356B-2CF2-4BB2-AF68-EA86D851EE97}.Debug|Any CPU.ActiveCfg = Debug|Any CPU
		{A756356B-2CF2-4BB2-AF68-EA86D851EE97}.Debug|Any CPU.Build.0 = Debug|Any CPU
		{A756356B-2CF2-4BB2-AF68-EA86D851EE97}.Debug|x64.ActiveCfg = Debug|Any CPU
		{A756356B-2CF2-4BB2-AF68-EA86D851EE97}.Debug|x64.Build.0 = Debug|Any CPU
		{A756356B-2CF2-4BB2-AF68-EA86D851EE97}.Debug|x86.ActiveCfg = Debug|Any CPU
		{A756356B-2CF2-4BB2-AF68-EA86D851EE97}.Debug|x86.Build.0 = Debug|Any CPU
		{A756356B-2CF2-4BB2-AF68-EA86D851EE97}.Release_DLL|Any CPU.ActiveCfg = Release|Any CPU
		{A756356B-2CF2-4BB2-AF68-EA86D851EE97}.Release_DLL|Any CPU.Build.0 = Release|Any CPU
		{A756356B-2CF2-4BB2-AF68-EA86D851EE97}.Release_DLL|x64.ActiveCfg = Release|Any CPU
		{A756356B-2CF2-4BB2-AF68-EA86D851EE97}.Release_DLL|x64.Build.0 = Release|Any CPU
		{A756356B-2CF2-4BB2-AF68-EA86D851EE97}.Release_DLL|x86.ActiveCfg = Release|Any CPU
		{A756356B-2CF2-4BB2-AF68-EA86D851EE97}.Release_DLL|x86.Build.0 = Release|Any CPU
		{A756356B-2CF2-4BB2-AF68-EA86D851EE97}.Release_LIB|Any CPU.ActiveCfg = Release|Any CPU
		{A756356B-2CF2-4BB2-AF68-EA86D851EE97}.Release_LIB|Any CPU.Build.0 = Release|Any CPU
		{A756356B-2CF2-4BB2-AF68-EA86D851EE97}.Release_LIB|x64.ActiveCfg = Release|Any CPU
		{A756356B-2CF2-4BB2-AF68-EA86D851EE97}.Release_LIB|x64.Build.0 = Release|Any CPU
		{A756356B-2CF2-4BB2-AF68-EA86D851EE97}.Release_LIB|x86.ActiveCfg = Release|Any CPU
		{A756356B-2CF2-4BB2-AF68-EA86D851EE97}.Release_LIB|x86.Build.0 = Release|Any CPU
		{A756356B-2CF2-4BB2-AF68-EA86D851EE97}.Release|Any CPU.ActiveCfg = Release|Any CPU
		{A756356B-2CF2-4BB2-AF68-EA86D851EE97}.Release|Any CPU.Build.0 = Release|Any CPU
		{A756356B-2CF2-4BB2-AF68-EA86D851EE97}.Release|x64.ActiveCfg = Release|Any CPU
		{A756356B-2CF2-4BB2-AF68-EA86D851EE97}.Release|x64.Build.0 = Release|Any CPU
		{A756356B-2CF2-4BB2-AF68-EA86D851EE97}.Release|x86.ActiveCfg = Release|Any CPU
		{A756356B-2CF2-4BB2-AF68-EA86D851EE97}.Release|x86.Build.0 = Release|Any CPU
		{B25ADA70-5A22-43BF-ABEC-106D473B4C66}.Debug_DLL|Any CPU.ActiveCfg = Debug|Any CPU
		{B25ADA70-5A22-43BF-ABEC-106D473B4C66}.Debug_DLL|Any CPU.Build.0 = Debug|Any CPU
		{B25ADA70-5A22-43BF-ABEC-106D473B4C66}.Debug_DLL|x64.ActiveCfg = Debug|Any CPU
		{B25ADA70-5A22-43BF-ABEC-106D473B4C66}.Debug_DLL|x64.Build.0 = Debug|Any CPU
		{B25ADA70-5A22-43BF-ABEC-106D473B4C66}.Debug_DLL|x86.ActiveCfg = Debug|Any CPU
		{B25ADA70-5A22-43BF-ABEC-106D473B4C66}.Debug_DLL|x86.Build.0 = Debug|Any CPU
		{B25ADA70-5A22-43BF-ABEC-106D473B4C66}.Debug_LIB|Any CPU.ActiveCfg = Debug|Any CPU
		{B25ADA70-5A22-43BF-ABEC-106D473B4C66}.Debug_LIB|Any CPU.Build.0 = Debug|Any CPU
		{B25ADA70-5A22-43BF-ABEC-106D473B4C66}.Debug_LIB|x64.ActiveCfg = Debug|Any CPU
		{B25ADA70-5A22-43BF-ABEC-106D473B4C66}.Debug_LIB|x64.Build.0 = Debug|Any CPU
		{B25ADA70-5A22-43BF-ABEC-106D473B4C66}.Debug_LIB|x86.ActiveCfg = Debug|Any CPU
		{B25ADA70-5A22-43BF-ABEC-106D473B4C66}.Debug_LIB|x86.Build.0 = Debug|Any CPU
		{B25ADA70-5A22-43BF-ABEC-106D473B4C66}.Debug|Any CPU.ActiveCfg = Debug|Any CPU
		{B25ADA70-5A22-43BF-ABEC-106D473B4C66}.Debug|Any CPU.Build.0 = Debug|Any CPU
		{B25ADA70-5A22-43BF-ABEC-106D473B4C66}.Debug|x64.ActiveCfg = Debug|Any CPU
		{B25ADA70-5A22-43BF-ABEC-106D473B4C66}.Debug|x64.Build.0 = Debug|Any CPU
		{B25ADA70-5A22-43BF-ABEC-106D473B4C66}.Debug|x86.ActiveCfg = Debug|Any CPU
		{B25ADA70-5A22-43BF-ABEC-106D473B4C66}.Debug|x86.Build.0 = Debug|Any CPU
		{B25ADA70-5A22-43BF-ABEC-106D473B4C66}.Release_DLL|Any CPU.ActiveCfg = Release|Any CPU
		{B25ADA70-5A22-43BF-ABEC-106D473B4C66}.Release_DLL|Any CPU.Build.0 = Release|Any CPU
		{B25ADA70-5A22-43BF-ABEC-106D473B4C66}.Release_DLL|x64.ActiveCfg = Release|Any CPU
		{B25ADA70-5A22-43BF-ABEC-106D473B4C66}.Release_DLL|x64.Build.0 = Release|Any CPU
		{B25ADA70-5A22-43BF-ABEC-106D473B4C66}.Release_DLL|x86.ActiveCfg = Release|Any CPU
		{B25ADA70-5A22-43BF-ABEC-106D473B4C66}.Release_DLL|x86.Build.0 = Release|Any CPU
		{B25ADA70-5A22-43BF-ABEC-106D473B4C66}.Release_LIB|Any CPU.ActiveCfg = Release|Any CPU
		{B25ADA70-5A22-43BF-ABEC-106D473B4C66}.Release_LIB|Any CPU.Build.0 = Release|Any CPU
		{B25ADA70-5A22-43BF-ABEC-106D473B4C66}.Release_LIB|x64.ActiveCfg = Release|Any CPU
		{B25ADA70-5A22-43BF-ABEC-106D473B4C66}.Release_LIB|x64.Build.0 = Release|Any CPU
		{B25ADA70-5A22-43BF-ABEC-106D473B4C66}.Release_LIB|x86.ActiveCfg = Release|Any CPU
		{B25ADA70-5A22-43BF-ABEC-106D473B4C66}.Release_LIB|x86.Build.0 = Release|Any CPU
		{B25ADA70-5A22-43BF-ABEC-106D473B4C66}.Release|Any CPU.ActiveCfg = Release|Any CPU
		{B25ADA70-5A22-43BF-ABEC-106D473B4C66}.Release|Any CPU.Build.0 = Release|Any CPU
		{B25ADA70-5A22-43BF-ABEC-106D473B4C66}.Release|x64.ActiveCfg = Release|Any CPU
		{B25ADA70-5A22-43BF-ABEC-106D473B4C66}.Release|x64.Build.0 = Release|Any CPU
		{B25ADA70-5A22-43BF-ABEC-106D473B4C66}.Release|x86.ActiveCfg = Release|Any CPU
		{B25ADA70-5A22-43BF-ABEC-106D473B4C66}.Release|x86.Build.0 = Release|Any CPU
	EndGlobalSection
	GlobalSection(SolutionProperties) = preSolution
		HideSolutionNode = FALSE
	EndGlobalSection
	GlobalSection(NestedProjects) = preSolution
		{7DB06674-1F4F-464B-8E1C-172E9587F9DC} = {ED036DFA-49CF-4C10-887D-7FAAEDB58B60}
		{A107C21C-418A-4697-BB10-20C3AA60E2E4} = {ED036DFA-49CF-4C10-887D-7FAAEDB58B60}
		{1E0DD107-1ECE-432B-A792-0B07C53A0C77} = {C9A14551-14D0-4CB9-A90B-D4DD67896FEB}
		{A756356B-2CF2-4BB2-AF68-EA86D851EE97} = {788FE4F9-D703-41C3-88B4-25CCDE7A8AA8}
		{B25ADA70-5A22-43BF-ABEC-106D473B4C66} = {ED036DFA-49CF-4C10-887D-7FAAEDB58B60}
	EndGlobalSection
	GlobalSection(ExtensibilityGlobals) = postSolution
		SolutionGuid = {8FD80937-695E-496B-A589-7AA45917AE83}
	EndGlobalSection
EndGlobal
