
Microsoft Visual Studio Solution File, Format Version 12.00
# Visual Studio Version 17
VisualStudioVersion = 17.2.32516.85
MinimumVisualStudioVersion = 10.0.40219.1
Project("{2150E333-8FDC-42A3-9474-1A3956D46DE8}") = "Libraries", "Libraries", "{ED036DFA-49CF-4C10-887D-7FAAEDB58B60}"
EndProject
Project("{2150E333-8FDC-42A3-9474-1A3956D46DE8}") = "Setup", "Setup", "{C9A14551-14D0-4CB9-A90B-D4DD67896FEB}"
EndProject
Project("{FAE04EC0-301F-11D3-BF4B-00C04F79EFBC}") = "SWICD", "SWICD\SWICD.csproj", "{8C6F1302-57FC-4B0C-BC3E-5D2576086D0E}"
EndProject
Project("{FAE04EC0-301F-11D3-BF4B-00C04F79EFBC}") = "hidapi.net", "Libraries\hidapi.net\hidapi.net\hidapi.net.csproj", "{9B860078-9AD1-45DD-8F85-E6D806E5DC9B}"
EndProject
Project("{FAE04EC0-301F-11D3-BF4B-00C04F79EFBC}") = "neptune-hidapi.net", "Libraries\neptune-hidapi.net\neptune-hidapi.net.csproj", "{F7283783-81EF-4CD2-BD86-598FE193C11F}"
EndProject
Project("{FAE04EC0-301F-11D3-BF4B-00C04F79EFBC}") = "SetupBuildVersionInfo", "Setup\SetupBuildVersionInfo\SetupBuildVersionInfo.csproj", "{58A02609-EFD7-46A4-9354-C0979AFD47FE}"
EndProject
Global
	GlobalSection(SolutionConfigurationPlatforms) = preSolution
		Debug_DLL|Any CPU = Debug_DLL|Any CPU
		Debug_DLL|x64 = Debug_DLL|x64
		Debug_DLL|x86 = Debug_DLL|x86
		Debug_LIB|Any CPU = Debug_LIB|Any CPU
		Debug_LIB|x64 = Debug_LIB|x64
		Debug_LIB|x86 = Debug_LIB|x86
		Debug|Any CPU = Debug|Any CPU
		Debug|x64 = Debug|x64
		Debug|x86 = Debug|x86
		Release_DLL|Any CPU = Release_DLL|Any CPU
		Release_DLL|x64 = Release_DLL|x64
		Release_DLL|x86 = Release_DLL|x86
		Release_LIB|Any CPU = Release_LIB|Any CPU
		Release_LIB|x64 = Release_LIB|x64
		Release_LIB|x86 = Release_LIB|x86
		Release|Any CPU = Release|Any CPU
		Release|x64 = Release|x64
		Release|x86 = Release|x86
	EndGlobalSection
	GlobalSection(ProjectConfigurationPlatforms) = postSolution
		{8C6F1302-57FC-4B0C-BC3E-5D2576086D0E}.Debug_DLL|Any CPU.ActiveCfg = Debug|Any CPU
		{8C6F1302-57FC-4B0C-BC3E-5D2576086D0E}.Debug_DLL|Any CPU.Build.0 = Debug|Any CPU
		{8C6F1302-57FC-4B0C-BC3E-5D2576086D0E}.Debug_DLL|x64.ActiveCfg = Debug|Any CPU
		{8C6F1302-57FC-4B0C-BC3E-5D2576086D0E}.Debug_DLL|x64.Build.0 = Debug|Any CPU
		{8C6F1302-57FC-4B0C-BC3E-5D2576086D0E}.Debug_DLL|x86.ActiveCfg = Debug|Any CPU
		{8C6F1302-57FC-4B0C-BC3E-5D2576086D0E}.Debug_DLL|x86.Build.0 = Debug|Any CPU
		{8C6F1302-57FC-4B0C-BC3E-5D2576086D0E}.Debug_LIB|Any CPU.ActiveCfg = Debug|Any CPU
		{8C6F1302-57FC-4B0C-BC3E-5D2576086D0E}.Debug_LIB|Any CPU.Build.0 = Debug|Any CPU
		{8C6F1302-57FC-4B0C-BC3E-5D2576086D0E}.Debug_LIB|x64.ActiveCfg = Debug|Any CPU
		{8C6F1302-57FC-4B0C-BC3E-5D2576086D0E}.Debug_LIB|x64.Build.0 = Debug|Any CPU
		{8C6F1302-57FC-4B0C-BC3E-5D2576086D0E}.Debug_LIB|x86.ActiveCfg = Debug|Any CPU
		{8C6F1302-57FC-4B0C-BC3E-5D2576086D0E}.Debug_LIB|x86.Build.0 = Debug|Any CPU
		{8C6F1302-57FC-4B0C-BC3E-5D2576086D0E}.Debug|Any CPU.ActiveCfg = Debug|Any CPU
		{8C6F1302-57FC-4B0C-BC3E-5D2576086D0E}.Debug|Any CPU.Build.0 = Debug|Any CPU
		{8C6F1302-57FC-4B0C-BC3E-5D2576086D0E}.Debug|x64.ActiveCfg = Debug|x64
		{8C6F1302-57FC-4B0C-BC3E-5D2576086D0E}.Debug|x64.Build.0 = Debug|x64
		{8C6F1302-57FC-4B0C-BC3E-5D2576086D0E}.Debug|x86.ActiveCfg = Debug|Any CPU
		{8C6F1302-57FC-4B0C-BC3E-5D2576086D0E}.Debug|x86.Build.0 = Debug|Any CPU
		{8C6F1302-57FC-4B0C-BC3E-5D2576086D0E}.Release_DLL|Any CPU.ActiveCfg = Release|Any CPU
		{8C6F1302-57FC-4B0C-BC3E-5D2576086D0E}.Release_DLL|Any CPU.Build.0 = Release|Any CPU
		{8C6F1302-57FC-4B0C-BC3E-5D2576086D0E}.Release_DLL|x64.ActiveCfg = Release|Any CPU
		{8C6F1302-57FC-4B0C-BC3E-5D2576086D0E}.Release_DLL|x64.Build.0 = Release|Any CPU
		{8C6F1302-57FC-4B0C-BC3E-5D2576086D0E}.Release_DLL|x86.ActiveCfg = Release|Any CPU
		{8C6F1302-57FC-4B0C-BC3E-5D2576086D0E}.Release_DLL|x86.Build.0 = Release|Any CPU
		{8C6F1302-57FC-4B0C-BC3E-5D2576086D0E}.Release_LIB|Any CPU.ActiveCfg = Release|Any CPU
		{8C6F1302-57FC-4B0C-BC3E-5D2576086D0E}.Release_LIB|Any CPU.Build.0 = Release|Any CPU
		{8C6F1302-57FC-4B0C-BC3E-5D2576086D0E}.Release_LIB|x64.ActiveCfg = Release|Any CPU
		{8C6F1302-57FC-4B0C-BC3E-5D2576086D0E}.Release_LIB|x64.Build.0 = Release|Any CPU
		{8C6F1302-57FC-4B0C-BC3E-5D2576086D0E}.Release_LIB|x86.ActiveCfg = Release|Any CPU
		{8C6F1302-57FC-4B0C-BC3E-5D2576086D0E}.Release_LIB|x86.Build.0 = Release|Any CPU
		{8C6F1302-57FC-4B0C-BC3E-5D2576086D0E}.Release|Any CPU.ActiveCfg = Release|Any CPU
		{8C6F1302-57FC-4B0C-BC3E-5D2576086D0E}.Release|Any CPU.Build.0 = Release|Any CPU
		{8C6F1302-57FC-4B0C-BC3E-5D2576086D0E}.Release|x64.ActiveCfg = Release|x64
		{8C6F1302-57FC-4B0C-BC3E-5D2576086D0E}.Release|x64.Build.0 = Release|x64
		{8C6F1302-57FC-4B0C-BC3E-5D2576086D0E}.Release|x86.ActiveCfg = Release|Any CPU
		{8C6F1302-57FC-4B0C-BC3E-5D2576086D0E}.Release|x86.Build.0 = Release|Any CPU
		{9B860078-9AD1-45DD-8F85-E6D806E5DC9B}.Debug_DLL|Any CPU.ActiveCfg = Debug|Any CPU
		{9B860078-9AD1-45DD-8F85-E6D806E5DC9B}.Debug_DLL|Any CPU.Build.0 = Debug|Any CPU
		{9B860078-9AD1-45DD-8F85-E6D806E5DC9B}.Debug_DLL|x64.ActiveCfg = Debug|x64
		{9B860078-9AD1-45DD-8F85-E6D806E5DC9B}.Debug_DLL|x64.Build.0 = Debug|x64
		{9B860078-9AD1-45DD-8F85-E6D806E5DC9B}.Debug_DLL|x86.ActiveCfg = Debug|Any CPU
		{9B860078-9AD1-45DD-8F85-E6D806E5DC9B}.Debug_DLL|x86.Build.0 = Debug|Any CPU
		{9B860078-9AD1-45DD-8F85-E6D806E5DC9B}.Debug_LIB|Any CPU.ActiveCfg = Debug|Any CPU
		{9B860078-9AD1-45DD-8F85-E6D806E5DC9B}.Debug_LIB|Any CPU.Build.0 = Debug|Any CPU
		{9B860078-9AD1-45DD-8F85-E6D806E5DC9B}.Debug_LIB|x64.ActiveCfg = Debug|x64
		{9B860078-9AD1-45DD-8F85-E6D806E5DC9B}.Debug_LIB|x64.Build.0 = Debug|x64
		{9B860078-9AD1-45DD-8F85-E6D806E5DC9B}.Debug_LIB|x86.ActiveCfg = Debug|Any CPU
		{9B860078-9AD1-45DD-8F85-E6D806E5DC9B}.Debug_LIB|x86.Build.0 = Debug|Any CPU
		{9B860078-9AD1-45DD-8F85-E6D806E5DC9B}.Debug|Any CPU.ActiveCfg = Debug|Any CPU
		{9B860078-9AD1-45DD-8F85-E6D806E5DC9B}.Debug|Any CPU.Build.0 = Debug|Any CPU
		{9B860078-9AD1-45DD-8F85-E6D806E5DC9B}.Debug|x64.ActiveCfg = Debug|x64
		{9B860078-9AD1-45DD-8F85-E6D806E5DC9B}.Debug|x64.Build.0 = Debug|x64
		{9B860078-9AD1-45DD-8F85-E6D806E5DC9B}.Debug|x86.ActiveCfg = Debug|Any CPU
		{9B860078-9AD1-45DD-8F85-E6D806E5DC9B}.Debug|x86.Build.0 = Debug|Any CPU
		{9B860078-9AD1-45DD-8F85-E6D806E5DC9B}.Release_DLL|Any CPU.ActiveCfg = Release|Any CPU
		{9B860078-9AD1-45DD-8F85-E6D806E5DC9B}.Release_DLL|Any CPU.Build.0 = Release|Any CPU
		{9B860078-9AD1-45DD-8F85-E6D806E5DC9B}.Release_DLL|x64.ActiveCfg = Release|x64
		{9B860078-9AD1-45DD-8F85-E6D806E5DC9B}.Release_DLL|x64.Build.0 = Release|x64
		{9B860078-9AD1-45DD-8F85-E6D806E5DC9B}.Release_DLL|x86.ActiveCfg = Release|Any CPU
		{9B860078-9AD1-45DD-8F85-E6D806E5DC9B}.Release_DLL|x86.Build.0 = Release|Any CPU
		{9B860078-9AD1-45DD-8F85-E6D806E5DC9B}.Release_LIB|Any CPU.ActiveCfg = Release|Any CPU
		{9B860078-9AD1-45DD-8F85-E6D806E5DC9B}.Release_LIB|Any CPU.Build.0 = Release|Any CPU
		{9B860078-9AD1-45DD-8F85-E6D806E5DC9B}.Release_LIB|x64.ActiveCfg = Release|x64
		{9B860078-9AD1-45DD-8F85-E6D806E5DC9B}.Release_LIB|x64.Build.0 = Release|x64
		{9B860078-9AD1-45DD-8F85-E6D806E5DC9B}.Release_LIB|x86.ActiveCfg = Release|Any CPU
		{9B860078-9AD1-45DD-8F85-E6D806E5DC9B}.Release_LIB|x86.Build.0 = Release|Any CPU
		{9B860078-9AD1-45DD-8F85-E6D806E5DC9B}.Release|Any CPU.ActiveCfg = Release|Any CPU
		{9B860078-9AD1-45DD-8F85-E6D806E5DC9B}.Release|Any CPU.Build.0 = Release|Any CPU
		{9B860078-9AD1-45DD-8F85-E6D806E5DC9B}.Release|x64.ActiveCfg = Release|x64
		{9B860078-9AD1-45DD-8F85-E6D806E5DC9B}.Release|x64.Build.0 = Release|x64
		{9B860078-9AD1-45DD-8F85-E6D806E5DC9B}.Release|x86.ActiveCfg = Release|Any CPU
		{9B860078-9AD1-45DD-8F85-E6D806E5DC9B}.Release|x86.Build.0 = Release|Any CPU
		{F7283783-81EF-4CD2-BD86-598FE193C11F}.Debug_DLL|Any CPU.ActiveCfg = Debug|Any CPU
		{F7283783-81EF-4CD2-BD86-598FE193C11F}.Debug_DLL|Any CPU.Build.0 = Debug|Any CPU
		{F7283783-81EF-4CD2-BD86-598FE193C11F}.Debug_DLL|x64.ActiveCfg = Debug|x64
		{F7283783-81EF-4CD2-BD86-598FE193C11F}.Debug_DLL|x64.Build.0 = Debug|x64
		{F7283783-81EF-4CD2-BD86-598FE193C11F}.Debug_DLL|x86.ActiveCfg = Debug|Any CPU
		{F7283783-81EF-4CD2-BD86-598FE193C11F}.Debug_DLL|x86.Build.0 = Debug|Any CPU
		{F7283783-81EF-4CD2-BD86-598FE193C11F}.Debug_LIB|Any CPU.ActiveCfg = Debug|Any CPU
		{F7283783-81EF-4CD2-BD86-598FE193C11F}.Debug_LIB|Any CPU.Build.0 = Debug|Any CPU
		{F7283783-81EF-4CD2-BD86-598FE193C11F}.Debug_LIB|x64.ActiveCfg = Debug|x64
		{F7283783-81EF-4CD2-BD86-598FE193C11F}.Debug_LIB|x64.Build.0 = Debug|x64
		{F7283783-81EF-4CD2-BD86-598FE193C11F}.Debug_LIB|x86.ActiveCfg = Debug|Any CPU
		{F7283783-81EF-4CD2-BD86-598FE193C11F}.Debug_LIB|x86.Build.0 = Debug|Any CPU
		{F7283783-81EF-4CD2-BD86-598FE193C11F}.Debug|Any CPU.ActiveCfg = Debug|Any CPU
		{F7283783-81EF-4CD2-BD86-598FE193C11F}.Debug|Any CPU.Build.0 = Debug|Any CPU
		{F7283783-81EF-4CD2-BD86-598FE193C11F}.Debug|x64.ActiveCfg = Debug|x64
		{F7283783-81EF-4CD2-BD86-598FE193C11F}.Debug|x64.Build.0 = Debug|x64
		{F7283783-81EF-4CD2-BD86-598FE193C11F}.Debug|x86.ActiveCfg = Debug|Any CPU
		{F7283783-81EF-4CD2-BD86-598FE193C11F}.Debug|x86.Build.0 = Debug|Any CPU
		{F7283783-81EF-4CD2-BD86-598FE193C11F}.Release_DLL|Any CPU.ActiveCfg = Release|Any CPU
		{F7283783-81EF-4CD2-BD86-598FE193C11F}.Release_DLL|Any CPU.Build.0 = Release|Any CPU
		{F7283783-81EF-4CD2-BD86-598FE193C11F}.Release_DLL|x64.ActiveCfg = Release|x64
		{F7283783-81EF-4CD2-BD86-598FE193C11F}.Release_DLL|x64.Build.0 = Release|x64
		{F7283783-81EF-4CD2-BD86-598FE193C11F}.Release_DLL|x86.ActiveCfg = Release|Any CPU
		{F7283783-81EF-4CD2-BD86-598FE193C11F}.Release_DLL|x86.Build.0 = Release|Any CPU
		{F7283783-81EF-4CD2-BD86-598FE193C11F}.Release_LIB|Any CPU.ActiveCfg = Release|Any CPU
		{F7283783-81EF-4CD2-BD86-598FE193C11F}.Release_LIB|Any CPU.Build.0 = Release|Any CPU
		{F7283783-81EF-4CD2-BD86-598FE193C11F}.Release_LIB|x64.ActiveCfg = Release|x64
		{F7283783-81EF-4CD2-BD86-598FE193C11F}.Release_LIB|x64.Build.0 = Release|x64
		{F7283783-81EF-4CD2-BD86-598FE193C11F}.Release_LIB|x86.ActiveCfg = Release|Any CPU
		{F7283783-81EF-4CD2-BD86-598FE193C11F}.Release_LIB|x86.Build.0 = Release|Any CPU
		{F7283783-81EF-4CD2-BD86-598FE193C11F}.Release|Any CPU.ActiveCfg = Release|Any CPU
		{F7283783-81EF-4CD2-BD86-598FE193C11F}.Release|Any CPU.Build.0 = Release|Any CPU
		{F7283783-81EF-4CD2-BD86-598FE193C11F}.Release|x64.ActiveCfg = Release|x64
		{F7283783-81EF-4CD2-BD86-598FE193C11F}.Release|x64.Build.0 = Release|x64
		{F7283783-81EF-4CD2-BD86-598FE193C11F}.Release|x86.ActiveCfg = Release|Any CPU
		{F7283783-81EF-4CD2-BD86-598FE193C11F}.Release|x86.Build.0 = Release|Any CPU
		{58A02609-EFD7-46A4-9354-C0979AFD47FE}.Debug_DLL|Any CPU.ActiveCfg = Debug|Any CPU
		{58A02609-EFD7-46A4-9354-C0979AFD47FE}.Debug_DLL|Any CPU.Build.0 = Debug|Any CPU
		{58A02609-EFD7-46A4-9354-C0979AFD47FE}.Debug_DLL|x64.ActiveCfg = Debug|Any CPU
		{58A02609-EFD7-46A4-9354-C0979AFD47FE}.Debug_DLL|x64.Build.0 = Debug|Any CPU
		{58A02609-EFD7-46A4-9354-C0979AFD47FE}.Debug_DLL|x86.ActiveCfg = Debug|Any CPU
		{58A02609-EFD7-46A4-9354-C0979AFD47FE}.Debug_DLL|x86.Build.0 = Debug|Any CPU
		{58A02609-EFD7-46A4-9354-C0979AFD47FE}.Debug_LIB|Any CPU.ActiveCfg = Debug|Any CPU
		{58A02609-EFD7-46A4-9354-C0979AFD47FE}.Debug_LIB|Any CPU.Build.0 = Debug|Any CPU
		{58A02609-EFD7-46A4-9354-C0979AFD47FE}.Debug_LIB|x64.ActiveCfg = Debug|Any CPU
		{58A02609-EFD7-46A4-9354-C0979AFD47FE}.Debug_LIB|x64.Build.0 = Debug|Any CPU
		{58A02609-EFD7-46A4-9354-C0979AFD47FE}.Debug_LIB|x86.ActiveCfg = Debug|Any CPU
		{58A02609-EFD7-46A4-9354-C0979AFD47FE}.Debug_LIB|x86.Build.0 = Debug|Any CPU
		{58A02609-EFD7-46A4-9354-C0979AFD47FE}.Debug|Any CPU.ActiveCfg = Debug|Any CPU
		{58A02609-EFD7-46A4-9354-C0979AFD47FE}.Debug|Any CPU.Build.0 = Debug|Any CPU
		{58A02609-EFD7-46A4-9354-C0979AFD47FE}.Debug|x64.ActiveCfg = Debug|Any CPU
		{58A02609-EFD7-46A4-9354-C0979AFD47FE}.Debug|x64.Build.0 = Debug|Any CPU
		{58A02609-EFD7-46A4-9354-C0979AFD47FE}.Debug|x86.ActiveCfg = Debug|Any CPU
		{58A02609-EFD7-46A4-9354-C0979AFD47FE}.Debug|x86.Build.0 = Debug|Any CPU
		{58A02609-EFD7-46A4-9354-C0979AFD47FE}.Release_DLL|Any CPU.ActiveCfg = Release|Any CPU
		{58A02609-EFD7-46A4-9354-C0979AFD47FE}.Release_DLL|Any CPU.Build.0 = Release|Any CPU
		{58A02609-EFD7-46A4-9354-C0979AFD47FE}.Release_DLL|x64.ActiveCfg = Release|Any CPU
		{58A02609-EFD7-46A4-9354-C0979AFD47FE}.Release_DLL|x64.Build.0 = Release|Any CPU
		{58A02609-EFD7-46A4-9354-C0979AFD47FE}.Release_DLL|x86.ActiveCfg = Release|Any CPU
		{58A02609-EFD7-46A4-9354-C0979AFD47FE}.Release_DLL|x86.Build.0 = Release|Any CPU
		{58A02609-EFD7-46A4-9354-C0979AFD47FE}.Release_LIB|Any CPU.ActiveCfg = Release|Any CPU
		{58A02609-EFD7-46A4-9354-C0979AFD47FE}.Release_LIB|Any CPU.Build.0 = Release|Any CPU
		{58A02609-EFD7-46A4-9354-C0979AFD47FE}.Release_LIB|x64.ActiveCfg = Release|Any CPU
		{58A02609-EFD7-46A4-9354-C0979AFD47FE}.Release_LIB|x64.Build.0 = Release|Any CPU
		{58A02609-EFD7-46A4-9354-C0979AFD47FE}.Release_LIB|x86.ActiveCfg = Release|Any CPU
		{58A02609-EFD7-46A4-9354-C0979AFD47FE}.Release_LIB|x86.Build.0 = Release|Any CPU
		{58A02609-EFD7-46A4-9354-C0979AFD47FE}.Release|Any CPU.ActiveCfg = Release|Any CPU
		{58A02609-EFD7-46A4-9354-C0979AFD47FE}.Release|Any CPU.Build.0 = Release|Any CPU
		{58A02609-EFD7-46A4-9354-C0979AFD47FE}.Release|x64.ActiveCfg = Release|Any CPU
		{58A02609-EFD7-46A4-9354-C0979AFD47FE}.Release|x64.Build.0 = Release|Any CPU
		{58A02609-EFD7-46A4-9354-C0979AFD47FE}.Release|x86.ActiveCfg = Release|Any CPU
		{58A02609-EFD7-46A4-9354-C0979AFD47FE}.Release|x86.Build.0 = Release|Any CPU
	EndGlobalSection
	GlobalSection(SolutionProperties) = preSolution
		HideSolutionNode = FALSE
	EndGlobalSection
	GlobalSection(NestedProjects) = preSolution
		{9B860078-9AD1-45DD-8F85-E6D806E5DC9B} = {ED036DFA-49CF-4C10-887D-7FAAEDB58B60}
		{F7283783-81EF-4CD2-BD86-598FE193C11F} = {ED036DFA-49CF-4C10-887D-7FAAEDB58B60}
		{58A02609-EFD7-46A4-9354-C0979AFD47FE} = {C9A14551-14D0-4CB9-A90B-D4DD67896FEB}
	EndGlobalSection
	GlobalSection(ExtensibilityGlobals) = postSolution
		SolutionGuid = {8FD80937-695E-496B-A589-7AA45917AE83}
	EndGlobalSection
EndGlobal
